
Microsoft Visual Studio Solution File, Format Version 12.00
# Visual Studio 14
VisualStudioVersion = 14.0.24720.0
MinimumVisualStudioVersion = 10.0.40219.1
Project("{FAE04EC0-301F-11D3-BF4B-00C04F79EFBC}") = "RabbitMQSend", "RabbitMQDemo\RabbitMQSend.csproj", "{1912998B-3A3D-49B9-A673-4C28B434A66A}"
EndProject
Project("{FAE04EC0-301F-11D3-BF4B-00C04F79EFBC}") = "RabbitMqReceive", "RabbitMqReceive\RabbitMqReceive.csproj", "{9F5D4309-3EF7-4537-9CE6-10C1000228FE}"
EndProject
Global
	GlobalSection(SolutionConfigurationPlatforms) = preSolution
		Debug|Any CPU = Debug|Any CPU
		Release|Any CPU = Release|Any CPU
	EndGlobalSection
	GlobalSection(ProjectConfigurationPlatforms) = postSolution
		{1912998B-3A3D-49B9-A673-4C28B434A66A}.Debug|Any CPU.ActiveCfg = Debug|Any CPU
		{1912998B-3A3D-49B9-A673-4C28B434A66A}.Debug|Any CPU.Build.0 = Debug|Any CPU
		{1912998B-3A3D-49B9-A673-4C28B434A66A}.Release|Any CPU.ActiveCfg = Release|Any CPU
		{1912998B-3A3D-49B9-A673-4C28B434A66A}.Release|Any CPU.Build.0 = Release|Any CPU
		{9F5D4309-3EF7-4537-9CE6-10C1000228FE}.Debug|Any CPU.ActiveCfg = Debug|Any CPU
		{9F5D4309-3EF7-4537-9CE6-10C1000228FE}.Debug|Any CPU.Build.0 = Debug|Any CPU
		{9F5D4309-3EF7-4537-9CE6-10C1000228FE}.Release|Any CPU.ActiveCfg = Release|Any CPU
		{9F5D4309-3EF7-4537-9CE6-10C1000228FE}.Release|Any CPU.Build.0 = Release|Any CPU
	EndGlobalSection
	GlobalSection(SolutionProperties) = preSolution
		HideSolutionNode = FALSE
	EndGlobalSection
EndGlobal
